
Microsoft Visual Studio Solution File, Format Version 12.00
# Visual Studio Version 16
VisualStudioVersion = 16.0.32413.511
MinimumVisualStudioVersion = 10.0.40219.1
Project("{FAE04EC0-301F-11D3-BF4B-00C04F79EFBC}") = "TrustedPartnersHomeAssignment", "TrustedPartnersHomeAssignment\TrustedPartnersHomeAssignment.csproj", "{FD82A1CE-38F9-42D4-BA28-ED20E1ECDE80}"
EndProject
Global
	GlobalSection(SolutionConfigurationPlatforms) = preSolution
		Debug|Any CPU = Debug|Any CPU
		Release|Any CPU = Release|Any CPU
	EndGlobalSection
	GlobalSection(ProjectConfigurationPlatforms) = postSolution
		{FD82A1CE-38F9-42D4-BA28-ED20E1ECDE80}.Debug|Any CPU.ActiveCfg = Debug|Any CPU
		{FD82A1CE-38F9-42D4-BA28-ED20E1ECDE80}.Debug|Any CPU.Build.0 = Debug|Any CPU
		{FD82A1CE-38F9-42D4-BA28-ED20E1ECDE80}.Release|Any CPU.ActiveCfg = Release|Any CPU
		{FD82A1CE-38F9-42D4-BA28-ED20E1ECDE80}.Release|Any CPU.Build.0 = Release|Any CPU
	EndGlobalSection
	GlobalSection(SolutionProperties) = preSolution
		HideSolutionNode = FALSE
	EndGlobalSection
	GlobalSection(ExtensibilityGlobals) = postSolution
		SolutionGuid = {A0EF339B-4A68-4054-B69A-568EE8045BF6}
	EndGlobalSection
EndGlobal
